
Microsoft Visual Studio Solution File, Format Version 11.00
# Visual Studio Version 17

Project("{8BC9CEB8-8B4A-11D0-8D11-00A0C91BC942}") = "stringUIdemo - Standalone Plugin", "stringUIdemo_StandalonePlugin.vcxproj", "{6B8E67F6-2FA7-A2AB-BE13-7CBA41268F10}"
	ProjectSection(ProjectDependencies) = postProject
		{F522BDA5-0CBA-B47C-1644-04753A9086FC} = {F522BDA5-0CBA-B47C-1644-04753A9086FC}
	EndProjectSection
EndProject
Project("{8BC9CEB8-8B4A-11D0-8D11-00A0C91BC942}") = "stringUIdemo - VST3", "stringUIdemo_VST3.vcxproj", "{1653F0B4-8F1F-F68D-3A49-866E62BBF224}"
	ProjectSection(ProjectDependencies) = postProject
		{F522BDA5-0CBA-B47C-1644-04753A9086FC} = {F522BDA5-0CBA-B47C-1644-04753A9086FC}
		{909D8A1E-C4D5-513F-31FF-1F8764646EA7} = {909D8A1E-C4D5-513F-31FF-1F8764646EA7}
	EndProjectSection
EndProject
Project("{8BC9CEB8-8B4A-11D0-8D11-00A0C91BC942}") = "stringUIdemo - Shared Code", "stringUIdemo_SharedCode.vcxproj", "{F522BDA5-0CBA-B47C-1644-04753A9086FC}"
EndProject
Project("{8BC9CEB8-8B4A-11D0-8D11-00A0C91BC942}") = "stringUIdemo - VST3 Manifest Helper", "stringUIdemo_VST3ManifestHelper.vcxproj", "{909D8A1E-C4D5-513F-31FF-1F8764646EA7}"
EndProject
Global
	GlobalSection(SolutionConfigurationPlatforms) = preSolution
		Debug|x64 = Debug|x64
		Release|x64 = Release|x64
	EndGlobalSection
	GlobalSection(ProjectConfigurationPlatforms) = postSolution
		{1653F0B4-8F1F-F68D-3A49-866E62BBF224}.Debug|x64.ActiveCfg = Debug|x64
		{1653F0B4-8F1F-F68D-3A49-866E62BBF224}.Debug|x64.Build.0 = Debug|x64
		{1653F0B4-8F1F-F68D-3A49-866E62BBF224}.Release|x64.ActiveCfg = Release|x64
		{1653F0B4-8F1F-F68D-3A49-866E62BBF224}.Release|x64.Build.0 = Release|x64
		{6B8E67F6-2FA7-A2AB-BE13-7CBA41268F10}.Debug|x64.ActiveCfg = Debug|x64
		{6B8E67F6-2FA7-A2AB-BE13-7CBA41268F10}.Debug|x64.Build.0 = Debug|x64
		{6B8E67F6-2FA7-A2AB-BE13-7CBA41268F10}.Release|x64.ActiveCfg = Release|x64
		{6B8E67F6-2FA7-A2AB-BE13-7CBA41268F10}.Release|x64.Build.0 = Release|x64
		{F522BDA5-0CBA-B47C-1644-04753A9086FC}.Debug|x64.ActiveCfg = Debug|x64
		{F522BDA5-0CBA-B47C-1644-04753A9086FC}.Debug|x64.Build.0 = Debug|x64
		{F522BDA5-0CBA-B47C-1644-04753A9086FC}.Release|x64.ActiveCfg = Release|x64
		{F522BDA5-0CBA-B47C-1644-04753A9086FC}.Release|x64.Build.0 = Release|x64
		{909D8A1E-C4D5-513F-31FF-1F8764646EA7}.Debug|x64.ActiveCfg = Debug|Win32
		{909D8A1E-C4D5-513F-31FF-1F8764646EA7}.Debug|x64.Build.0 = Debug|Win32
		{909D8A1E-C4D5-513F-31FF-1F8764646EA7}.Release|x64.ActiveCfg = Release|Win32
		{909D8A1E-C4D5-513F-31FF-1F8764646EA7}.Release|x64.Build.0 = Release|Win32
	EndGlobalSection
	GlobalSection(SolutionProperties) = preSolution
		HideSolutionNode = FALSE
	EndGlobalSection
EndGlobal
